
Microsoft Visual Studio Solution File, Format Version 12.00
# Visual Studio Version 17
VisualStudioVersion = 17.14.36401.2 d17.14
MinimumVisualStudioVersion = 10.0.40219.1
Project("{FAE04EC0-301F-11D3-BF4B-00C04F79EFBC}") = "Bmi", "Bmi\Bmi.csproj", "{71D8D7D4-18F6-43CA-A194-3246D09634F3}"
EndProject
Global
	GlobalSection(SolutionConfigurationPlatforms) = preSolution
		Debug|Any CPU = Debug|Any CPU
		Release|Any CPU = Release|Any CPU
	EndGlobalSection
	GlobalSection(ProjectConfigurationPlatforms) = postSolution
		{71D8D7D4-18F6-43CA-A194-3246D09634F3}.Debug|Any CPU.ActiveCfg = Debug|Any CPU
		{71D8D7D4-18F6-43CA-A194-3246D09634F3}.Debug|Any CPU.Build.0 = Debug|Any CPU
		{71D8D7D4-18F6-43CA-A194-3246D09634F3}.Release|Any CPU.ActiveCfg = Release|Any CPU
		{71D8D7D4-18F6-43CA-A194-3246D09634F3}.Release|Any CPU.Build.0 = Release|Any CPU
	EndGlobalSection
	GlobalSection(SolutionProperties) = preSolution
		HideSolutionNode = FALSE
	EndGlobalSection
	GlobalSection(ExtensibilityGlobals) = postSolution
		SolutionGuid = {FE72545F-1302-489C-886D-2BF87B34CC0B}
	EndGlobalSection
EndGlobal
